
Microsoft Visual Studio Solution File, Format Version 12.00
# Visual Studio Version 17
VisualStudioVersion = 17.3.32929.385
MinimumVisualStudioVersion = 10.0.40219.1
Project("{FAE04EC0-301F-11D3-BF4B-00C04F79EFBC}") = "ConsoleApp39", "ConsoleApp39\ConsoleApp39.csproj", "{43B14ED7-93FA-45AF-93AA-F123B2FE84E4}"
EndProject
Global
	GlobalSection(SolutionConfigurationPlatforms) = preSolution
		Debug|Any CPU = Debug|Any CPU
		Release|Any CPU = Release|Any CPU
	EndGlobalSection
	GlobalSection(ProjectConfigurationPlatforms) = postSolution
		{43B14ED7-93FA-45AF-93AA-F123B2FE84E4}.Debug|Any CPU.ActiveCfg = Debug|Any CPU
		{43B14ED7-93FA-45AF-93AA-F123B2FE84E4}.Debug|Any CPU.Build.0 = Debug|Any CPU
		{43B14ED7-93FA-45AF-93AA-F123B2FE84E4}.Release|Any CPU.ActiveCfg = Release|Any CPU
		{43B14ED7-93FA-45AF-93AA-F123B2FE84E4}.Release|Any CPU.Build.0 = Release|Any CPU
	EndGlobalSection
	GlobalSection(SolutionProperties) = preSolution
		HideSolutionNode = FALSE
	EndGlobalSection
	GlobalSection(ExtensibilityGlobals) = postSolution
		SolutionGuid = {45ED4318-DAE9-4E26-A1EC-C49A9CE19F95}
	EndGlobalSection
EndGlobal
